
Microsoft Visual Studio Solution File, Format Version 12.00
# Visual Studio Version 17
VisualStudioVersion = 17.9.34701.34
MinimumVisualStudioVersion = 10.0.40219.1
Project("{FAE04EC0-301F-11D3-BF4B-00C04F79EFBC}") = "WebApplication1", "WebApplication1\WebApplication1.csproj", "{6FC3E8E1-1DBE-437C-951E-FC164318CA5E}"
EndProject
Global
	GlobalSection(SolutionConfigurationPlatforms) = preSolution
		Debug|Any CPU = Debug|Any CPU
		Release|Any CPU = Release|Any CPU
	EndGlobalSection
	GlobalSection(ProjectConfigurationPlatforms) = postSolution
		{6FC3E8E1-1DBE-437C-951E-FC164318CA5E}.Debug|Any CPU.ActiveCfg = Debug|Any CPU
		{6FC3E8E1-1DBE-437C-951E-FC164318CA5E}.Debug|Any CPU.Build.0 = Debug|Any CPU
		{6FC3E8E1-1DBE-437C-951E-FC164318CA5E}.Release|Any CPU.ActiveCfg = Release|Any CPU
		{6FC3E8E1-1DBE-437C-951E-FC164318CA5E}.Release|Any CPU.Build.0 = Release|Any CPU
	EndGlobalSection
	GlobalSection(SolutionProperties) = preSolution
		HideSolutionNode = FALSE
	EndGlobalSection
	GlobalSection(ExtensibilityGlobals) = postSolution
		SolutionGuid = {0725A283-CD13-4DF6-8ED2-BE55A6FF731B}
	EndGlobalSection
EndGlobal
